<?xml version="1.0" encoding="utf-8"?>
<Project ToolsVersion="4.0" xmlns="http://schemas.microsoft.com/developer/msbuild/2003">
  <ItemGroup>
    <FxCompile Include="Shader\ttf_unlit_ps.hlsl">
      <Filter>Shader</Filter>
    </FxCompile>
    <FxCompile Include="Shader\lit_ps.hlsl">
      <Filter>Shader</Filter>
    </FxCompile>
    <FxCompile Include="Shader\Common\lighting.hlsl">
      <Filter>Shader\common</Filter>
    </FxCompile>
    <FxCompile Include="Shader\Common\material.hlsl">
      <Filter>Shader\common</Filter>
    </FxCompile>
    <FxCompile Include="Shader\Common\transform.hlsl">
      <Filter>Shader\common</Filter>
    </FxCompile>
    <FxCompile Include="Shader\Common\camera.hlsl">
      <Filter>Shader\common</Filter>
    </FxCompile>
    <FxCompile Include="Shader\lit_vs.hlsl">
      <Filter>Shader</Filter>
    </FxCompile>
    <FxCompile Include="Shader\unlit_vs.hlsl">
      <Filter>Shader</Filter>
    </FxCompile>
    <FxCompile Include="Shader\skinned_lit_vs.hlsl">
      <Filter>Shader</Filter>
    </FxCompile>
    <FxCompile Include="Shader\unlit_ps.hlsl">
      <Filter>Shader</Filter>
    </FxCompile>
    <FxCompile Include="Shader\Common\skinning.hlsl">
      <Filter>Shader\common</Filter>
    </FxCompile>
    <FxCompile Include="Shader\Common\shadowing.hlsl">
      <Filter>Shader\common</Filter>
    </FxCompile>
    <FxCompile Include="Shader\decal_lit_ps.hlsl">
      <Filter>Shader</Filter>
    </FxCompile>
  </ItemGroup>
  <ItemGroup>
    <ClCompile Include="Source\Engine\Framework\Processor\camera_processor.cpp">
      <Filter>Sources\Engine\Framework\Processor</Filter>
    </ClCompile>
    <ClCompile Include="Source\Engine\Framework\Processor\physics_processor.cpp">
      <Filter>Sources\Engine\Framework\Processor</Filter>
    </ClCompile>
    <ClCompile Include="Source\Engine\System\Device\direct3d.cpp">
      <Filter>Sources\Engine\System\Device</Filter>
    </ClCompile>
    <ClCompile Include="Source\Engine\System\Device\keyboard.cpp">
      <Filter>Sources\Engine\System\Device</Filter>
    </ClCompile>
    <ClCompile Include="Source\Engine\System\Device\audio.cpp">
      <Filter>Sources\Engine\System\Device</Filter>
    </ClCompile>
    <ClCompile Include="Source\main.cpp">
      <Filter>Sources</Filter>
    </ClCompile>
    <ClCompile Include="Source\Engine\System\Device\mouse.cpp">
      <Filter>Sources\Engine\System\Device</Filter>
    </ClCompile>
    <ClCompile Include="Source\Engine\Core\game_object.h">
      <Filter>Sources\Engine\Core</Filter>
    </ClCompile>
    <ClCompile Include="External\stb_implementation.cpp">
      <Filter>External</Filter>
    </ClCompile>
    <ClCompile Include="Source\Engine\System\Device\mi_fps.cpp">
      <Filter>Sources\Engine\System\Device</Filter>
    </ClCompile>
    <ClCompile Include="Utility\debug_ostream.cpp">
      <Filter>Utility</Filter>
    </ClCompile>
    <ClCompile Include="Utility\debug_renderer.cpp">
      <Filter>Utility</Filter>
    </ClCompile>
    <ClCompile Include="Source\Game\game.cpp">
      <Filter>Sources\Game</Filter>
    </ClCompile>
    <ClCompile Include="Source\Engine\engine.cpp">
      <Filter>Sources\Engine</Filter>
    </ClCompile>
    <ClCompile Include="Source\Engine\game_world.cpp">
      <Filter>Sources\Engine</Filter>
    </ClCompile>
    <ClCompile Include="Source\Engine\scene_manager.cpp">
      <Filter>Sources\Engine</Filter>
    </ClCompile>
    <ClCompile Include="Source\Engine\Framework\Processor\behavior_processor.cpp">
      <Filter>Sources\Engine\Framework\Processor</Filter>
    </ClCompile>
    <ClCompile Include="Source\Engine\Framework\Processor\PhysicsPass\collision_pass.cpp">
      <Filter>Sources\Engine\Framework\Processor\Pass\PhysicsPass</Filter>
    </ClCompile>
    <ClCompile Include="Source\Engine\Framework\Processor\PhysicsPass\integrate_pass.cpp">
      <Filter>Sources\Engine\Framework\Processor\Pass\PhysicsPass</Filter>
    </ClCompile>
    <ClCompile Include="Source\Engine\Framework\Processor\PhysicsPass\resolve_pass.cpp">
      <Filter>Sources\Engine\Framework\Processor\Pass\PhysicsPass</Filter>
    </ClCompile>
    <ClCompile Include="Source\Engine\Framework\Processor\render_processor.cpp">
      <Filter>Sources\Engine\Framework\Processor</Filter>
    </ClCompile>
    <ClCompile Include="Source\Engine\Framework\Processor\RenderPass\ui_render_pass.cpp">
      <Filter>Sources\Engine\Framework\Processor\Pass\RenderPass</Filter>
    </ClCompile>
    <ClCompile Include="Source\Engine\Framework\Processor\RenderPass\opaque_render_pass.cpp">
      <Filter>Sources\Engine\Framework\Processor\Pass\RenderPass</Filter>
    </ClCompile>
    <ClCompile Include="Source\Engine\Framework\Processor\RenderPass\lighting_pass.cpp">
      <Filter>Sources\Engine\Framework\Processor\Pass\RenderPass</Filter>
    </ClCompile>
    <ClCompile Include="Source\Engine\Framework\Processor\RenderPass\Context\collector_image.cpp">
      <Filter>Sources\Engine\Framework\Processor\Pass\RenderPass\Context</Filter>
    </ClCompile>
    <ClCompile Include="Source\Engine\Framework\Processor\RenderPass\Context\collector_slider.cpp">
      <Filter>Sources\Engine\Framework\Processor\Pass\RenderPass\Context</Filter>
    </ClCompile>
    <ClCompile Include="Source\Engine\Framework\Processor\RenderPass\Context\collector_font.cpp">
      <Filter>Sources\Engine\Framework\Processor\Pass\RenderPass\Context</Filter>
    </ClCompile>
    <ClCompile Include="External\ImGui\imgui_tables.cpp">
      <Filter>External\imgui</Filter>
    </ClCompile>
    <ClCompile Include="External\ImGui\imgui_widgets.cpp">
      <Filter>External\imgui</Filter>
    </ClCompile>
    <ClCompile Include="External\ImGui\imgui.cpp">
      <Filter>External\imgui</Filter>
    </ClCompile>
    <ClCompile Include="External\ImGui\imgui_demo.cpp">
      <Filter>External\imgui</Filter>
    </ClCompile>
    <ClCompile Include="External\ImGui\imgui_draw.cpp">
      <Filter>External\imgui</Filter>
    </ClCompile>
    <ClCompile Include="External\ImGui\imgui_impl_dx11.cpp">
      <Filter>External\imgui</Filter>
    </ClCompile>
    <ClCompile Include="External\ImGui\imgui_impl_win32.cpp">
      <Filter>External\imgui</Filter>
    </ClCompile>
    <ClCompile Include="Source\Engine\Editor\mi_imgui_manager.cpp">
      <Filter>Utility\ImguiWindow</Filter>
    </ClCompile>
    <ClCompile Include="Source\Engine\Editor\scene_view_window.cpp">
      <Filter>Utility\ImguiWindow</Filter>
    </ClCompile>
    <ClCompile Include="Source\Engine\Editor\inspector_view_window.cpp">
      <Filter>Utility\ImguiWindow</Filter>
    </ClCompile>
    <ClCompile Include="Source\Engine\Editor\tool_bar_window.cpp">
      <Filter>Utility\ImguiWindow</Filter>
    </ClCompile>
    <ClCompile Include="Source\Engine\Editor\hierarchy_view_window.cpp">
      <Filter>Utility\ImguiWindow</Filter>
    </ClCompile>
    <ClCompile Include="Source\Engine\Editor\debug_view_window.cpp">
      <Filter>Utility\ImguiWindow</Filter>
    </ClCompile>
    <ClCompile Include="Source\Engine\System\Graphics\model_repository.cpp">
      <Filter>Sources\Engine\System\Graphics</Filter>
    </ClCompile>
    <ClCompile Include="Source\Engine\resource_manager.cpp">
      <Filter>Sources\Engine</Filter>
    </ClCompile>
    <ClCompile Include="Source\Game\Behavior\PlayerBehavior\player_behavior.cpp">
      <Filter>Sources\Game\Behavior\PlayerBehavior</Filter>
    </ClCompile>
    <ClCompile Include="Source\Engine\Framework\Processor\PhysicsPass\constraint_pass.cpp">
      <Filter>Sources\Engine\Framework\Processor\Pass\PhysicsPass</Filter>
    </ClCompile>
    <ClCompile Include="Source\Game\Behavior\BaseBehavior\health_behavior.cpp">
      <Filter>Sources\Game\Behavior\BaseBehavior</Filter>
    </ClCompile>
    <ClCompile Include="Source\Engine\System\Graphics\texture_repository.cpp">
      <Filter>Sources\Engine\System\Graphics</Filter>
    </ClCompile>
    <ClCompile Include="Source\Engine\shader_manager.cpp">
      <Filter>Sources\Engine</Filter>
    </ClCompile>
    <ClCompile Include="Source\Engine\System\Graphics\material_repository.cpp">
      <Filter>Sources\Engine\System\Graphics</Filter>
    </ClCompile>
    <ClCompile Include="Source\Engine\Framework\Processor\animation_processor.cpp">
      <Filter>Sources\Engine\Framework\Processor</Filter>
    </ClCompile>
    <ClCompile Include="Source\Engine\Framework\Processor\RenderPass\decal_render_pass.cpp">
      <Filter>Sources\Engine\Framework\Processor\Pass\RenderPass</Filter>
    </ClCompile>
    <ClCompile Include="Source\Game\Factory\factory.cpp">
      <Filter>Sources\Game\Factory</Filter>
    </ClCompile>
    <ClCompile Include="Source\Game\Factory\actor_factory.cpp">
      <Filter>Sources\Game\Factory</Filter>
    </ClCompile>
    <ClCompile Include="Source\Game\Factory\environment_factory.cpp">
      <Filter>Sources\Game\Factory</Filter>
    </ClCompile>
    <ClCompile Include="Source\Game\Factory\ui_factory.cpp">
      <Filter>Sources\Game\Factory</Filter>
    </ClCompile>
    <ClCompile Include="Source\Game\Factory\render_effect_factory.cpp">
      <Filter>Sources\Game\Factory</Filter>
    </ClCompile>
    <ClCompile Include="Source\Game\Behavior\PlayerBehavior\player_state_machine_behavior.cpp">
      <Filter>Sources\Game\Behavior\PlayerBehavior</Filter>
    </ClCompile>
    <ClCompile Include="Source\Game\Behavior\PlayerBehavior\PlayerState\player_attack_behavior.cpp">
      <Filter>Sources\Game\Behavior\PlayerBehavior\PlayerState</Filter>
    </ClCompile>
    <ClCompile Include="Source\Game\Behavior\PlayerBehavior\PlayerState\player_move_behavior.cpp">
      <Filter>Sources\Game\Behavior\PlayerBehavior\PlayerState</Filter>
    </ClCompile>
    <ClCompile Include="Source\Game\Behavior\PlayerBehavior\player_combat_machine_behavior.cpp">
      <Filter>Sources\Game\Behavior\PlayerBehavior</Filter>
    </ClCompile>
    <ClCompile Include="Source\Game\Behavior\camera_control_behavior.cpp">
      <Filter>Sources\Game\Behavior</Filter>
    </ClCompile>
    <ClCompile Include="Source\Engine\Framework\Processor\RenderPass\shadow_map_pass.cpp">
      <Filter>Sources\Engine\Framework\Processor\Pass\RenderPass</Filter>
    </ClCompile>
    <ClCompile Include="Source\Engine\Framework\Processor\RenderPass\skybox_pass.cpp">
      <Filter>Sources\Engine\Framework\Processor\Pass\RenderPass</Filter>
    </ClCompile>
  </ItemGroup>
  <ItemGroup>
    <ClInclude Include="Source\Engine\Framework\Component\image_component.h">
      <Filter>Sources\Engine\Framework\Component</Filter>
    </ClInclude>
    <ClInclude Include="Source\Engine\Framework\Component\light_component.h">
      <Filter>Sources\Engine\Framework\Component</Filter>
    </ClInclude>
    <ClInclude Include="Source\Engine\Framework\Component\model_component.h">
      <Filter>Sources\Engine\Framework\Component</Filter>
    </ClInclude>
    <ClInclude Include="Source\Engine\Framework\Component\rect_transform_component.h">
      <Filter>Sources\Engine\Framework\Component</Filter>
    </ClInclude>
    <ClInclude Include="Source\Engine\Framework\Component\rigidbody_component.h">
      <Filter>Sources\Engine\Framework\Component</Filter>
    </ClInclude>
    <ClInclude Include="Source\Engine\Framework\Component\slider_component.h">
      <Filter>Sources\Engine\Framework\Component</Filter>
    </ClInclude>
    <ClInclude Include="Source\Engine\Framework\Component\text_component.h">
      <Filter>Sources\Engine\Framework\Component</Filter>
    </ClInclude>
    <ClInclude Include="Source\Engine\Framework\Component\transform_component.h">
      <Filter>Sources\Engine\Framework\Component</Filter>
    </ClInclude>
    <ClInclude Include="Source\Engine\Framework\Component\collider_component.h">
      <Filter>Sources\Engine\Framework\Component</Filter>
    </ClInclude>
    <ClInclude Include="Source\Engine\Framework\Component\camera_component.h">
      <Filter>Sources\Engine\Framework\Component</Filter>
    </ClInclude>
    <ClInclude Include="Source\Engine\Framework\Processor\camera_processor.h">
      <Filter>Sources\Engine\Framework\Processor</Filter>
    </ClInclude>
    <ClInclude Include="Source\Engine\Framework\Processor\physics_processor.h">
      <Filter>Sources\Engine\Framework\Processor</Filter>
    </ClInclude>
    <ClInclude Include="Source\Engine\Core\component_pool_interface.h">
      <Filter>Sources\Engine\Core</Filter>
    </ClInclude>
    <ClInclude Include="Source\Engine\Core\component.h">
      <Filter>Sources\Engine\Core</Filter>
    </ClInclude>
    <ClInclude Include="Source\Engine\Core\component_pool.h">
      <Filter>Sources\Engine\Core</Filter>
    </ClInclude>
    <ClInclude Include="Source\Engine\System\Device\direct3d.h">
      <Filter>Sources\Engine\System\Device</Filter>
    </ClInclude>
    <ClInclude Include="Source\Engine\System\Device\keyboard.h">
      <Filter>Sources\Engine\System\Device</Filter>
    </ClInclude>
    <ClInclude Include="Source\Engine\System\Device\audio.h">
      <Filter>Sources\Engine\System\Device</Filter>
    </ClInclude>
    <ClInclude Include="Source\Engine\Core\component_type_id.h">
      <Filter>Sources\Engine\Core</Filter>
    </ClInclude>
    <ClInclude Include="Source\Engine\System\Device\mouse.h">
      <Filter>Sources\Engine\System\Device</Filter>
    </ClInclude>
    <ClInclude Include="External\stb_truetype.h">
      <Filter>External</Filter>
    </ClInclude>
    <ClInclude Include="Source\Engine\Core\processor.h">
      <Filter>Sources\Engine\Core</Filter>
    </ClInclude>
    <ClInclude Include="Source\Engine\Core\scene_interface.h">
      <Filter>Sources\Engine\Core</Filter>
    </ClInclude>
    <ClInclude Include="Source\Engine\Core\scene_base.h">
      <Filter>Sources\Engine\Core</Filter>
    </ClInclude>
    <ClInclude Include="Source\Engine\System\Device\mi_fps.h">
      <Filter>Sources\Engine\System\Device</Filter>
    </ClInclude>
    <ClInclude Include="Utility\debug_ostream.h">
      <Filter>Utility</Filter>
    </ClInclude>
    <ClInclude Include="Utility\debug_renderer.h">
      <Filter>Utility</Filter>
    </ClInclude>
    <ClInclude Include="Utility\mi_math.h">
      <Filter>Utility</Filter>
    </ClInclude>
    <ClInclude Include="Source\Game\game.h">
      <Filter>Sources\Game</Filter>
    </ClInclude>
    <ClInclude Include="Source\Engine\Framework\Component\behavior_component.h">
      <Filter>Sources\Engine\Framework\Component</Filter>
    </ClInclude>
    <ClInclude Include="Source\Engine\engine.h">
      <Filter>Sources\Engine</Filter>
    </ClInclude>
    <ClInclude Include="Source\Engine\game_world.h">
      <Filter>Sources\Engine</Filter>
    </ClInclude>
    <ClInclude Include="Source\Engine\scene_manager.h">
      <Filter>Sources\Engine</Filter>
    </ClInclude>
    <ClInclude Include="Source\Engine\Framework\Processor\behavior_processor.h">
      <Filter>Sources\Engine\Framework\Processor</Filter>
    </ClInclude>
    <ClInclude Include="Source\Engine\Core\pass.h">
      <Filter>Sources\Engine\Core</Filter>
    </ClInclude>
    <ClInclude Include="Source\Engine\Framework\Processor\PhysicsPass\resolve_pass.h">
      <Filter>Sources\Engine\Framework\Processor\Pass\PhysicsPass</Filter>
    </ClInclude>
    <ClInclude Include="Source\Engine\Framework\Processor\PhysicsPass\collision_pass.h">
      <Filter>Sources\Engine\Framework\Processor\Pass\PhysicsPass</Filter>
    </ClInclude>
    <ClInclude Include="Source\Engine\Framework\Processor\PhysicsPass\integrate_pass.h">
      <Filter>Sources\Engine\Framework\Processor\Pass\PhysicsPass</Filter>
    </ClInclude>
    <ClInclude Include="Source\Engine\Framework\Processor\render_processor.h">
      <Filter>Sources\Engine\Framework\Processor</Filter>
    </ClInclude>
    <ClInclude Include="Source\Engine\Framework\Processor\RenderPass\ui_render_pass.h">
      <Filter>Sources\Engine\Framework\Processor\Pass\RenderPass</Filter>
    </ClInclude>
    <ClInclude Include="Source\Engine\Framework\Processor\RenderPass\opaque_render_pass.h">
      <Filter>Sources\Engine\Framework\Processor\Pass\RenderPass</Filter>
    </ClInclude>
    <ClInclude Include="Source\Engine\Framework\Processor\RenderPass\lighting_pass.h">
      <Filter>Sources\Engine\Framework\Processor\Pass\RenderPass</Filter>
    </ClInclude>
    <ClInclude Include="Source\Engine\Framework\Processor\RenderPass\Context\draw_command.h">
      <Filter>Sources\Engine\Framework\Processor\Pass\RenderPass\Context</Filter>
    </ClInclude>
    <ClInclude Include="Source\Engine\render_view.h">
      <Filter>Sources\Engine\Framework\Processor\Pass\RenderPass\Context</Filter>
    </ClInclude>
    <ClInclude Include="Source\Engine\Framework\Processor\RenderPass\Context\collector_image.h">
      <Filter>Sources\Engine\Framework\Processor\Pass\RenderPass\Context</Filter>
    </ClInclude>
    <ClInclude Include="Source\Engine\Framework\Processor\RenderPass\Context\collector_slider.h">
      <Filter>Sources\Engine\Framework\Processor\Pass\RenderPass\Context</Filter>
    </ClInclude>
    <ClInclude Include="Source\Engine\Framework\Processor\RenderPass\Context\collector_font.h">
      <Filter>Sources\Engine\Framework\Processor\Pass\RenderPass\Context</Filter>
    </ClInclude>
    <ClInclude Include="External\ImGui\imgui_internal.h">
      <Filter>External\imgui</Filter>
    </ClInclude>
    <ClInclude Include="External\ImGui\imstb_rectpack.h">
      <Filter>External\imgui</Filter>
    </ClInclude>
    <ClInclude Include="External\ImGui\imstb_textedit.h">
      <Filter>External\imgui</Filter>
    </ClInclude>
    <ClInclude Include="External\ImGui\imstb_truetype.h">
      <Filter>External\imgui</Filter>
    </ClInclude>
    <ClInclude Include="External\ImGui\imconfig.h">
      <Filter>External\imgui</Filter>
    </ClInclude>
    <ClInclude Include="External\ImGui\imgui.h">
      <Filter>External\imgui</Filter>
    </ClInclude>
    <ClInclude Include="External\ImGui\imgui_impl_dx11.h">
      <Filter>External\imgui</Filter>
    </ClInclude>
    <ClInclude Include="External\ImGui\imgui_impl_win32.h">
      <Filter>External\imgui</Filter>
    </ClInclude>
    <ClInclude Include="Source\Engine\Editor\imgui_window_interface.h">
      <Filter>Utility\ImguiWindow</Filter>
    </ClInclude>
    <ClInclude Include="Source\Engine\Editor\mi_imgui_manager.h">
      <Filter>Utility\ImguiWindow</Filter>
    </ClInclude>
    <ClInclude Include="Source\Engine\Editor\scene_view_window.h">
      <Filter>Utility\ImguiWindow</Filter>
    </ClInclude>
    <ClInclude Include="Source\Engine\Editor\editor_context.h">
      <Filter>Sources\Engine</Filter>
    </ClInclude>
    <ClInclude Include="Source\Engine\Editor\inspector_view_window.h">
      <Filter>Utility\ImguiWindow</Filter>
    </ClInclude>
    <ClInclude Include="Source\Engine\Editor\tool_bar_window.h">
      <Filter>Utility\ImguiWindow</Filter>
    </ClInclude>
    <ClInclude Include="Source\Engine\Editor\hierarchy_view_window.h">
      <Filter>Utility\ImguiWindow</Filter>
    </ClInclude>
    <ClInclude Include="Source\Engine\Editor\debug_view_window.h">
      <Filter>Utility\ImguiWindow</Filter>
    </ClInclude>
    <ClInclude Include="Source\Engine\System\Graphics\model_repository.h">
      <Filter>Sources\Engine\System\Graphics</Filter>
    </ClInclude>
    <ClInclude Include="Source\Engine\resource_manager.h">
      <Filter>Sources\Engine</Filter>
    </ClInclude>
    <ClInclude Include="Source\Game\Behavior\PlayerBehavior\player_behavior.h">
      <Filter>Sources\Game\Behavior\PlayerBehavior</Filter>
    </ClInclude>
    <ClInclude Include="Source\Engine\Framework\Processor\PhysicsPass\constraint_pass.h">
      <Filter>Sources\Engine\Framework\Processor\Pass\PhysicsPass</Filter>
    </ClInclude>
    <ClInclude Include="Source\Engine\Framework\Component\joint_component.h">
      <Filter>Sources\Engine\Framework\Component</Filter>
    </ClInclude>
    <ClInclude Include="Source\Engine\Framework\Component\joint_group_component.h">
      <Filter>Sources\Engine\Framework\Component</Filter>
    </ClInclude>
    <ClInclude Include="Source\Game\Behavior\BaseBehavior\health_behavior.h">
      <Filter>Sources\Game\Behavior\BaseBehavior</Filter>
    </ClInclude>
    <ClInclude Include="Source\Engine\System\Graphics\model_resource.h">
      <Filter>Sources\Engine\System\Graphics\GraphicsResource</Filter>
    </ClInclude>
    <ClInclude Include="Source\Engine\System\Graphics\texture_resource.h">
      <Filter>Sources\Engine\System\Graphics\GraphicsResource</Filter>
    </ClInclude>
    <ClInclude Include="Source\Engine\System\Graphics\material_resource.h">
      <Filter>Sources\Engine\System\Graphics\GraphicsResource</Filter>
    </ClInclude>
    <ClInclude Include="Source\Engine\engine_service_locator.h">
      <Filter>Sources\Engine</Filter>
    </ClInclude>
    <ClInclude Include="Source\Engine\System\Graphics\texture_repository.h">
      <Filter>Sources\Engine\System\Graphics</Filter>
    </ClInclude>
    <ClInclude Include="Source\Engine\shader_manager.h">
      <Filter>Sources\Engine</Filter>
    </ClInclude>
    <ClInclude Include="Source\Engine\System\Graphics\material_repository.h">
      <Filter>Sources\Engine\System\Graphics</Filter>
    </ClInclude>
    <ClInclude Include="Utility\mi_string.h">
      <Filter>Utility</Filter>
    </ClInclude>
    <ClInclude Include="Source\Engine\Framework\Processor\animation_processor.h">
      <Filter>Sources\Engine\Framework\Processor</Filter>
    </ClInclude>
    <ClInclude Include="Source\Engine\Framework\Component\animation_component.h">
      <Filter>Sources\Engine\Framework\Component</Filter>
    </ClInclude>
    <ClInclude Include="Source\Engine\Framework\Component\decal_component.h">
      <Filter>Sources\Engine\Framework\Component</Filter>
    </ClInclude>
    <ClInclude Include="Source\Engine\Framework\Processor\RenderPass\decal_render_pass.h">
      <Filter>Sources\Engine\Framework\Processor\Pass\RenderPass</Filter>
    </ClInclude>
    <ClInclude Include="Source\Game\Factory\factory.h">
      <Filter>Sources\Game\Factory</Filter>
    </ClInclude>
    <ClInclude Include="Source\Game\Factory\environment_factory.h">
      <Filter>Sources\Game\Factory</Filter>
    </ClInclude>
    <ClInclude Include="Source\Game\Factory\render_effect_factory.h">
      <Filter>Sources\Game\Factory</Filter>
    </ClInclude>
    <ClInclude Include="Source\Game\Behavior\PlayerBehavior\PlayerState\player_attack_behavior.h">
      <Filter>Sources\Game\Behavior\PlayerBehavior\PlayerState</Filter>
    </ClInclude>
    <ClInclude Include="Source\Game\Behavior\PlayerBehavior\PlayerState\player_move_behavior.h">
      <Filter>Sources\Game\Behavior\PlayerBehavior\PlayerState</Filter>
    </ClInclude>
    <ClInclude Include="Source\Game\Behavior\PlayerBehavior\player_state_machine_behavior.h">
      <Filter>Sources\Game\Behavior\PlayerBehavior</Filter>
    </ClInclude>
    <ClInclude Include="Source\Game\Behavior\PlayerBehavior\player_combat_machine_behavior.h">
      <Filter>Sources\Game\Behavior\PlayerBehavior</Filter>
    </ClInclude>
    <ClInclude Include="Source\Game\Behavior\camera_control_behavior.h">
      <Filter>Sources\Game\Behavior</Filter>
    </ClInclude>
    <ClInclude Include="Source\Engine\Framework\Processor\RenderPass\shadow_map_pass.h">
      <Filter>Sources\Engine\Framework\Processor\Pass\RenderPass</Filter>
    </ClInclude>
    <ClInclude Include="Source\Engine\Framework\Processor\RenderPass\skybox_pass.h">
      <Filter>Sources\Engine\Framework\Processor\Pass\RenderPass</Filter>
    </ClInclude>
    <ClInclude Include="Source\Game\Behavior\PlayerBehavior\player_context.h">
      <Filter>Sources\Game\Behavior\PlayerBehavior</Filter>
    </ClInclude>
    <ClInclude Include="Source\Game\Factory\actor_factory.h">
      <Filter>Sources\Game\Factory</Filter>
    </ClInclude>
  </ItemGroup>
  <ItemGroup>
    <Filter Include="Sources">
      <UniqueIdentifier>{7912de8a-6d16-4a0f-8245-683ea4f92ff5}</UniqueIdentifier>
    </Filter>
    <Filter Include="Sources\Engine">
      <UniqueIdentifier>{bc580b8e-25e9-49cb-8ae3-a7a0995eb6d8}</UniqueIdentifier>
    </Filter>
    <Filter Include="Sources\Game">
      <UniqueIdentifier>{ba1d4d1e-566c-4042-934b-3a274f8c0aef}</UniqueIdentifier>
    </Filter>
    <Filter Include="Sources\Engine\Core">
      <UniqueIdentifier>{40208926-d93f-4eaf-ba2d-82f254e1a361}</UniqueIdentifier>
    </Filter>
    <Filter Include="Sources\Engine\Framework">
      <UniqueIdentifier>{a4147d6a-f5d4-46b1-80ca-6253be70fd37}</UniqueIdentifier>
    </Filter>
    <Filter Include="Sources\Engine\System">
      <UniqueIdentifier>{1b10de83-559d-43ac-9818-ecdb91b65e1a}</UniqueIdentifier>
    </Filter>
    <Filter Include="Sources\Engine\System\Device">
      <UniqueIdentifier>{4ddefe8c-9f05-4979-9f85-a5c40b8dafe0}</UniqueIdentifier>
    </Filter>
    <Filter Include="Sources\Engine\System\Graphics">
      <UniqueIdentifier>{41afa458-92b2-4d1c-af5f-b684f0b7d6cc}</UniqueIdentifier>
    </Filter>
    <Filter Include="Sources\Engine\Framework\Component">
      <UniqueIdentifier>{f09bfbe5-a506-46c6-954f-74b472eaa868}</UniqueIdentifier>
    </Filter>
    <Filter Include="Sources\Engine\Framework\Processor">
      <UniqueIdentifier>{3b2576a6-f35b-4295-9189-a7d8474a1f91}</UniqueIdentifier>
    </Filter>
    <Filter Include="External">
      <UniqueIdentifier>{d992fbca-5d28-49dc-9338-ff32f50ee42a}</UniqueIdentifier>
    </Filter>
    <Filter Include="Utility">
      <UniqueIdentifier>{a86b2725-45c8-4534-8419-2a78493f52a3}</UniqueIdentifier>
    </Filter>
    <Filter Include="Sources\Game\Behavior">
      <UniqueIdentifier>{9b63bf25-6746-489e-babd-6ad31aaaabed}</UniqueIdentifier>
    </Filter>
    <Filter Include="Sources\Engine\Framework\Processor\Pass">
      <UniqueIdentifier>{8c156ce7-68ff-44c0-9a18-c53107a44ed5}</UniqueIdentifier>
    </Filter>
    <Filter Include="Sources\Engine\Framework\Processor\Pass\PhysicsPass">
      <UniqueIdentifier>{0fc833eb-3f42-4125-a453-4ef9d1e5fd78}</UniqueIdentifier>
    </Filter>
    <Filter Include="Sources\Engine\Framework\Processor\Pass\RenderPass">
      <UniqueIdentifier>{2bb638b9-bea5-45ad-88a1-172ab79e3d1d}</UniqueIdentifier>
    </Filter>
    <Filter Include="Shader">
      <UniqueIdentifier>{e9660b3e-b404-4c70-9d25-8452ace99d42}</UniqueIdentifier>
    </Filter>
    <Filter Include="Sources\Engine\Framework\Processor\Pass\RenderPass\Context">
      <UniqueIdentifier>{27fbcdb5-aeda-4b7e-b721-cba25d0149e6}</UniqueIdentifier>
    </Filter>
    <Filter Include="External\imgui">
      <UniqueIdentifier>{c5e60a0b-c8e6-4014-94b3-2025821f7137}</UniqueIdentifier>
    </Filter>
    <Filter Include="Utility\ImguiWindow">
      <UniqueIdentifier>{f6eed08c-fb73-4a55-89a8-f4c273ea1ea2}</UniqueIdentifier>
    </Filter>
    <Filter Include="Sources\Game\Behavior\PlayerBehavior">
      <UniqueIdentifier>{4d0768cd-3d37-4572-b155-d56409e44dd8}</UniqueIdentifier>
    </Filter>
    <Filter Include="Sources\Game\Behavior\BaseBehavior">
      <UniqueIdentifier>{21317434-64d7-48b9-8676-91420017e91f}</UniqueIdentifier>
    </Filter>
    <Filter Include="Sources\Engine\System\Graphics\GraphicsResource">
      <UniqueIdentifier>{b2d9e375-8123-4c2d-b1e6-f7a883b59809}</UniqueIdentifier>
    </Filter>
    <Filter Include="Shader\common">
      <UniqueIdentifier>{cc3a5256-4193-4967-a000-678caecd58d2}</UniqueIdentifier>
    </Filter>
    <Filter Include="Sources\Game\Factory">
      <UniqueIdentifier>{3b348ef2-628d-4060-9707-6f89b7332e14}</UniqueIdentifier>
    </Filter>
    <Filter Include="Sources\Game\Behavior\PlayerBehavior\PlayerState">
      <UniqueIdentifier>{3919c7c5-7f30-44d1-8eb3-3af03f074c5d}</UniqueIdentifier>
    </Filter>
    <Filter Include="Sources\Game\Behavior\PlayerBehavior\PlayerResource">
      <UniqueIdentifier>{72526588-c41a-4258-90e6-3b1cc5a20850}</UniqueIdentifier>
    </Filter>
  </ItemGroup>
  <ItemGroup>
    <None Include="External\ImGui\imgui.ini">
      <Filter>External\imgui</Filter>
    </None>
    <None Include="Source\Game\Factory\ui_factory.h">
      <Filter>Sources\Game\Factory</Filter>
    </None>
  </ItemGroup>
</Project>