<?xml version="1.0" encoding="utf-8"?>
<Project ToolsVersion="4.0" xmlns="http://schemas.microsoft.com/developer/msbuild/2003">
  <ItemGroup>
    <FxCompile Include="shader_pixel.hlsl">
      <Filter>Shader</Filter>
    </FxCompile>
    <FxCompile Include="shader_pixel_font.hlsl">
      <Filter>Shader</Filter>
    </FxCompile>
    <FxCompile Include="shader_vertex.hlsl">
      <Filter>Shader</Filter>
    </FxCompile>
    <FxCompile Include="lit_ps.hlsl">
      <Filter>Shader</Filter>
    </FxCompile>
    <FxCompile Include="lighting.hlsl">
      <Filter>Shader\common</Filter>
    </FxCompile>
    <FxCompile Include="material.hlsl">
      <Filter>Shader\common</Filter>
    </FxCompile>
    <FxCompile Include="transform.hlsl">
      <Filter>Shader\common</Filter>
    </FxCompile>
    <FxCompile Include="camera.hlsl">
      <Filter>Shader\common</Filter>
    </FxCompile>
    <FxCompile Include="lit_vs.hlsl">
      <Filter>Shader</Filter>
    </FxCompile>
    <FxCompile Include="unlit_vs.hlsl">
      <Filter>Shader</Filter>
    </FxCompile>
    <FxCompile Include="skinned_lit_vs.hlsl">
      <Filter>Shader</Filter>
    </FxCompile>
    <FxCompile Include="unlit_ps.hlsl">
      <Filter>Shader</Filter>
    </FxCompile>
  </ItemGroup>
  <ItemGroup>
    <ClCompile Include="camera_processor.cpp">
      <Filter>Sources\Engine\Framework\Processor</Filter>
    </ClCompile>
    <ClCompile Include="physics_processor.cpp">
      <Filter>Sources\Engine\Framework\Processor</Filter>
    </ClCompile>
    <ClCompile Include="direct3d.cpp">
      <Filter>Sources\Engine\System\Device</Filter>
    </ClCompile>
    <ClCompile Include="keyboard.cpp">
      <Filter>Sources\Engine\System\Device</Filter>
    </ClCompile>
    <ClCompile Include="audio.cpp">
      <Filter>Sources\Engine\System\Device</Filter>
    </ClCompile>
    <ClCompile Include="main.cpp">
      <Filter>Sources</Filter>
    </ClCompile>
    <ClCompile Include="mouse.cpp">
      <Filter>Sources\Engine\System\Device</Filter>
    </ClCompile>
    <ClCompile Include="game_object.h">
      <Filter>Sources\Engine\Core</Filter>
    </ClCompile>
    <ClCompile Include="stb_implementation.cpp">
      <Filter>External</Filter>
    </ClCompile>
    <ClCompile Include="shader.cpp">
      <Filter>Sources\Engine\System\Graphics</Filter>
    </ClCompile>
    <ClCompile Include="sprite.cpp">
      <Filter>Sources\Engine\System\Graphics</Filter>
    </ClCompile>
    <ClCompile Include="mi_fps.cpp">
      <Filter>Sources\Engine\System\Device</Filter>
    </ClCompile>
    <ClCompile Include="debug_ostream.cpp">
      <Filter>Utility</Filter>
    </ClCompile>
    <ClCompile Include="debug_renderer.cpp">
      <Filter>Utility</Filter>
    </ClCompile>
    <ClCompile Include="factory.cpp">
      <Filter>Sources\Game</Filter>
    </ClCompile>
    <ClCompile Include="game.cpp">
      <Filter>Sources\Game</Filter>
    </ClCompile>
    <ClCompile Include="engine.cpp">
      <Filter>Sources\Engine</Filter>
    </ClCompile>
    <ClCompile Include="game_world.cpp">
      <Filter>Sources\Engine</Filter>
    </ClCompile>
    <ClCompile Include="scene_manager.cpp">
      <Filter>Sources\Engine</Filter>
    </ClCompile>
    <ClCompile Include="behavior_processor.cpp">
      <Filter>Sources\Engine\Framework\Processor</Filter>
    </ClCompile>
    <ClCompile Include="collision_pass.cpp">
      <Filter>Sources\Engine\Framework\Processor\Pass\PhysicsPass</Filter>
    </ClCompile>
    <ClCompile Include="integrate_pass.cpp">
      <Filter>Sources\Engine\Framework\Processor\Pass\PhysicsPass</Filter>
    </ClCompile>
    <ClCompile Include="resolve_pass.cpp">
      <Filter>Sources\Engine\Framework\Processor\Pass\PhysicsPass</Filter>
    </ClCompile>
    <ClCompile Include="render_processor.cpp">
      <Filter>Sources\Engine\Framework\Processor</Filter>
    </ClCompile>
    <ClCompile Include="ui_render_pass.cpp">
      <Filter>Sources\Engine\Framework\Processor\Pass\RenderPass</Filter>
    </ClCompile>
    <ClCompile Include="opaque_render_pass.cpp">
      <Filter>Sources\Engine\Framework\Processor\Pass\RenderPass</Filter>
    </ClCompile>
    <ClCompile Include="lighting_pass.cpp">
      <Filter>Sources\Engine\Framework\Processor\Pass\RenderPass</Filter>
    </ClCompile>
    <ClCompile Include="collector_image.cpp">
      <Filter>Sources\Engine\Framework\Processor\Pass\RenderPass\Context</Filter>
    </ClCompile>
    <ClCompile Include="collector_slider.cpp">
      <Filter>Sources\Engine\Framework\Processor\Pass\RenderPass\Context</Filter>
    </ClCompile>
    <ClCompile Include="collector_font.cpp">
      <Filter>Sources\Engine\Framework\Processor\Pass\RenderPass\Context</Filter>
    </ClCompile>
    <ClCompile Include="imgui_tables.cpp">
      <Filter>External\imgui</Filter>
    </ClCompile>
    <ClCompile Include="imgui_widgets.cpp">
      <Filter>External\imgui</Filter>
    </ClCompile>
    <ClCompile Include="imgui.cpp">
      <Filter>External\imgui</Filter>
    </ClCompile>
    <ClCompile Include="imgui_demo.cpp">
      <Filter>External\imgui</Filter>
    </ClCompile>
    <ClCompile Include="imgui_draw.cpp">
      <Filter>External\imgui</Filter>
    </ClCompile>
    <ClCompile Include="imgui_impl_dx11.cpp">
      <Filter>External\imgui</Filter>
    </ClCompile>
    <ClCompile Include="imgui_impl_win32.cpp">
      <Filter>External\imgui</Filter>
    </ClCompile>
    <ClCompile Include="mi_imgui_manager.cpp">
      <Filter>Utility\ImguiWindow</Filter>
    </ClCompile>
    <ClCompile Include="scene_view_window.cpp">
      <Filter>Utility\ImguiWindow</Filter>
    </ClCompile>
    <ClCompile Include="inspector_view_window.cpp">
      <Filter>Utility\ImguiWindow</Filter>
    </ClCompile>
    <ClCompile Include="tool_bar_window.cpp">
      <Filter>Utility\ImguiWindow</Filter>
    </ClCompile>
    <ClCompile Include="hierarchy_view_window.cpp">
      <Filter>Utility\ImguiWindow</Filter>
    </ClCompile>
    <ClCompile Include="debug_view_window.cpp">
      <Filter>Utility\ImguiWindow</Filter>
    </ClCompile>
    <ClCompile Include="model_repository.cpp">
      <Filter>Sources\Engine\System\Graphics</Filter>
    </ClCompile>
    <ClCompile Include="resource_manager.cpp">
      <Filter>Sources\Engine</Filter>
    </ClCompile>
    <ClCompile Include="player_attack_behavior.cpp">
      <Filter>Sources\Game\Behavior\PlayerBehavior</Filter>
    </ClCompile>
    <ClCompile Include="player_behavior.cpp">
      <Filter>Sources\Game\Behavior\PlayerBehavior</Filter>
    </ClCompile>
    <ClCompile Include="player_move_behavior.cpp">
      <Filter>Sources\Game\Behavior\PlayerBehavior</Filter>
    </ClCompile>
    <ClCompile Include="constraint_pass.cpp">
      <Filter>Sources\Engine\Framework\Processor\Pass\PhysicsPass</Filter>
    </ClCompile>
    <ClCompile Include="health_behavior.cpp">
      <Filter>Sources\Game\Behavior\BaseBehavior</Filter>
    </ClCompile>
    <ClCompile Include="texture_repository.cpp">
      <Filter>Sources\Engine\System\Graphics</Filter>
    </ClCompile>
  </ItemGroup>
  <ItemGroup>
    <ClInclude Include="image_component.h">
      <Filter>Sources\Engine\Framework\Component</Filter>
    </ClInclude>
    <ClInclude Include="light_component.h">
      <Filter>Sources\Engine\Framework\Component</Filter>
    </ClInclude>
    <ClInclude Include="model_component.h">
      <Filter>Sources\Engine\Framework\Component</Filter>
    </ClInclude>
    <ClInclude Include="rect_transform_component.h">
      <Filter>Sources\Engine\Framework\Component</Filter>
    </ClInclude>
    <ClInclude Include="rigidbody_component.h">
      <Filter>Sources\Engine\Framework\Component</Filter>
    </ClInclude>
    <ClInclude Include="slider_component.h">
      <Filter>Sources\Engine\Framework\Component</Filter>
    </ClInclude>
    <ClInclude Include="text_component.h">
      <Filter>Sources\Engine\Framework\Component</Filter>
    </ClInclude>
    <ClInclude Include="transform_component.h">
      <Filter>Sources\Engine\Framework\Component</Filter>
    </ClInclude>
    <ClInclude Include="collider_component.h">
      <Filter>Sources\Engine\Framework\Component</Filter>
    </ClInclude>
    <ClInclude Include="camera_component.h">
      <Filter>Sources\Engine\Framework\Component</Filter>
    </ClInclude>
    <ClInclude Include="camera_processor.h">
      <Filter>Sources\Engine\Framework\Processor</Filter>
    </ClInclude>
    <ClInclude Include="physics_processor.h">
      <Filter>Sources\Engine\Framework\Processor</Filter>
    </ClInclude>
    <ClInclude Include="component_pool_interface.h">
      <Filter>Sources\Engine\Core</Filter>
    </ClInclude>
    <ClInclude Include="component.h">
      <Filter>Sources\Engine\Core</Filter>
    </ClInclude>
    <ClInclude Include="component_pool.h">
      <Filter>Sources\Engine\Core</Filter>
    </ClInclude>
    <ClInclude Include="direct3d.h">
      <Filter>Sources\Engine\System\Device</Filter>
    </ClInclude>
    <ClInclude Include="keyboard.h">
      <Filter>Sources\Engine\System\Device</Filter>
    </ClInclude>
    <ClInclude Include="audio.h">
      <Filter>Sources\Engine\System\Device</Filter>
    </ClInclude>
    <ClInclude Include="component_type_id.h">
      <Filter>Sources\Engine\Core</Filter>
    </ClInclude>
    <ClInclude Include="mouse.h">
      <Filter>Sources\Engine\System\Device</Filter>
    </ClInclude>
    <ClInclude Include="stb_truetype.h">
      <Filter>External</Filter>
    </ClInclude>
    <ClInclude Include="sprite.h">
      <Filter>Sources\Engine\System\Graphics</Filter>
    </ClInclude>
    <ClInclude Include="shader.h">
      <Filter>Sources\Engine\System\Graphics</Filter>
    </ClInclude>
    <ClInclude Include="processor.h">
      <Filter>Sources\Engine\Core</Filter>
    </ClInclude>
    <ClInclude Include="scene_interface.h">
      <Filter>Sources\Engine\Core</Filter>
    </ClInclude>
    <ClInclude Include="scene_base.h">
      <Filter>Sources\Engine\Core</Filter>
    </ClInclude>
    <ClInclude Include="mi_fps.h">
      <Filter>Sources\Engine\System\Device</Filter>
    </ClInclude>
    <ClInclude Include="debug_ostream.h">
      <Filter>Utility</Filter>
    </ClInclude>
    <ClInclude Include="debug_renderer.h">
      <Filter>Utility</Filter>
    </ClInclude>
    <ClInclude Include="mi_math.h">
      <Filter>Utility</Filter>
    </ClInclude>
    <ClInclude Include="factory.h">
      <Filter>Sources\Game</Filter>
    </ClInclude>
    <ClInclude Include="game.h">
      <Filter>Sources\Game</Filter>
    </ClInclude>
    <ClInclude Include="behavior_component.h">
      <Filter>Sources\Engine\Framework\Component</Filter>
    </ClInclude>
    <ClInclude Include="engine.h">
      <Filter>Sources\Engine</Filter>
    </ClInclude>
    <ClInclude Include="game_world.h">
      <Filter>Sources\Engine</Filter>
    </ClInclude>
    <ClInclude Include="scene_manager.h">
      <Filter>Sources\Engine</Filter>
    </ClInclude>
    <ClInclude Include="behavior_processor.h">
      <Filter>Sources\Engine\Framework\Processor</Filter>
    </ClInclude>
    <ClInclude Include="pass.h">
      <Filter>Sources\Engine\Core</Filter>
    </ClInclude>
    <ClInclude Include="resolve_pass.h">
      <Filter>Sources\Engine\Framework\Processor\Pass\PhysicsPass</Filter>
    </ClInclude>
    <ClInclude Include="collision_pass.h">
      <Filter>Sources\Engine\Framework\Processor\Pass\PhysicsPass</Filter>
    </ClInclude>
    <ClInclude Include="integrate_pass.h">
      <Filter>Sources\Engine\Framework\Processor\Pass\PhysicsPass</Filter>
    </ClInclude>
    <ClInclude Include="render_processor.h">
      <Filter>Sources\Engine\Framework\Processor</Filter>
    </ClInclude>
    <ClInclude Include="ui_render_pass.h">
      <Filter>Sources\Engine\Framework\Processor\Pass\RenderPass</Filter>
    </ClInclude>
    <ClInclude Include="opaque_render_pass.h">
      <Filter>Sources\Engine\Framework\Processor\Pass\RenderPass</Filter>
    </ClInclude>
    <ClInclude Include="lighting_pass.h">
      <Filter>Sources\Engine\Framework\Processor\Pass\RenderPass</Filter>
    </ClInclude>
    <ClInclude Include="draw_command.h">
      <Filter>Sources\Engine\Framework\Processor\Pass\RenderPass\Context</Filter>
    </ClInclude>
    <ClInclude Include="render_view.h">
      <Filter>Sources\Engine\Framework\Processor\Pass\RenderPass\Context</Filter>
    </ClInclude>
    <ClInclude Include="collector_image.h">
      <Filter>Sources\Engine\Framework\Processor\Pass\RenderPass\Context</Filter>
    </ClInclude>
    <ClInclude Include="collector_slider.h">
      <Filter>Sources\Engine\Framework\Processor\Pass\RenderPass\Context</Filter>
    </ClInclude>
    <ClInclude Include="collector_font.h">
      <Filter>Sources\Engine\Framework\Processor\Pass\RenderPass\Context</Filter>
    </ClInclude>
    <ClInclude Include="imgui_internal.h">
      <Filter>External\imgui</Filter>
    </ClInclude>
    <ClInclude Include="imstb_rectpack.h">
      <Filter>External\imgui</Filter>
    </ClInclude>
    <ClInclude Include="imstb_textedit.h">
      <Filter>External\imgui</Filter>
    </ClInclude>
    <ClInclude Include="imstb_truetype.h">
      <Filter>External\imgui</Filter>
    </ClInclude>
    <ClInclude Include="imconfig.h">
      <Filter>External\imgui</Filter>
    </ClInclude>
    <ClInclude Include="imgui.h">
      <Filter>External\imgui</Filter>
    </ClInclude>
    <ClInclude Include="imgui_impl_dx11.h">
      <Filter>External\imgui</Filter>
    </ClInclude>
    <ClInclude Include="imgui_impl_win32.h">
      <Filter>External\imgui</Filter>
    </ClInclude>
    <ClInclude Include="imgui_window_interface.h">
      <Filter>Utility\ImguiWindow</Filter>
    </ClInclude>
    <ClInclude Include="mi_imgui_manager.h">
      <Filter>Utility\ImguiWindow</Filter>
    </ClInclude>
    <ClInclude Include="scene_view_window.h">
      <Filter>Utility\ImguiWindow</Filter>
    </ClInclude>
    <ClInclude Include="editor_context.h">
      <Filter>Sources\Engine</Filter>
    </ClInclude>
    <ClInclude Include="inspector_view_window.h">
      <Filter>Utility\ImguiWindow</Filter>
    </ClInclude>
    <ClInclude Include="tool_bar_window.h">
      <Filter>Utility\ImguiWindow</Filter>
    </ClInclude>
    <ClInclude Include="hierarchy_view_window.h">
      <Filter>Utility\ImguiWindow</Filter>
    </ClInclude>
    <ClInclude Include="debug_view_window.h">
      <Filter>Utility\ImguiWindow</Filter>
    </ClInclude>
    <ClInclude Include="model_repository.h">
      <Filter>Sources\Engine\System\Graphics</Filter>
    </ClInclude>
    <ClInclude Include="resource_manager.h">
      <Filter>Sources\Engine</Filter>
    </ClInclude>
    <ClInclude Include="player_move_behavior.h">
      <Filter>Sources\Game\Behavior\PlayerBehavior</Filter>
    </ClInclude>
    <ClInclude Include="player_attack_behavior.h">
      <Filter>Sources\Game\Behavior\PlayerBehavior</Filter>
    </ClInclude>
    <ClInclude Include="player_behavior.h">
      <Filter>Sources\Game\Behavior\PlayerBehavior</Filter>
    </ClInclude>
    <ClInclude Include="constraint_pass.h">
      <Filter>Sources\Engine\Framework\Processor\Pass\PhysicsPass</Filter>
    </ClInclude>
    <ClInclude Include="joint_component.h">
      <Filter>Sources\Engine\Framework\Component</Filter>
    </ClInclude>
    <ClInclude Include="joint_group_component.h">
      <Filter>Sources\Engine\Framework\Component</Filter>
    </ClInclude>
    <ClInclude Include="health_behavior.h">
      <Filter>Sources\Game\Behavior\BaseBehavior</Filter>
    </ClInclude>
    <ClInclude Include="model_resource.h">
      <Filter>Sources\Engine\System\Graphics\GraphicsResource</Filter>
    </ClInclude>
    <ClInclude Include="texture_resource.h">
      <Filter>Sources\Engine\System\Graphics\GraphicsResource</Filter>
    </ClInclude>
    <ClInclude Include="material_resource.h">
      <Filter>Sources\Engine\System\Graphics\GraphicsResource</Filter>
    </ClInclude>
    <ClInclude Include="engine_service_locator.h">
      <Filter>Sources\Engine</Filter>
    </ClInclude>
    <ClInclude Include="texture_repository.h">
      <Filter>Sources\Engine\System\Graphics</Filter>
    </ClInclude>
  </ItemGroup>
  <ItemGroup>
    <Filter Include="Sources">
      <UniqueIdentifier>{7912de8a-6d16-4a0f-8245-683ea4f92ff5}</UniqueIdentifier>
    </Filter>
    <Filter Include="Sources\Engine">
      <UniqueIdentifier>{bc580b8e-25e9-49cb-8ae3-a7a0995eb6d8}</UniqueIdentifier>
    </Filter>
    <Filter Include="Sources\Game">
      <UniqueIdentifier>{ba1d4d1e-566c-4042-934b-3a274f8c0aef}</UniqueIdentifier>
    </Filter>
    <Filter Include="Sources\Engine\Core">
      <UniqueIdentifier>{40208926-d93f-4eaf-ba2d-82f254e1a361}</UniqueIdentifier>
    </Filter>
    <Filter Include="Sources\Engine\Framework">
      <UniqueIdentifier>{a4147d6a-f5d4-46b1-80ca-6253be70fd37}</UniqueIdentifier>
    </Filter>
    <Filter Include="Sources\Engine\System">
      <UniqueIdentifier>{1b10de83-559d-43ac-9818-ecdb91b65e1a}</UniqueIdentifier>
    </Filter>
    <Filter Include="Sources\Engine\System\Device">
      <UniqueIdentifier>{4ddefe8c-9f05-4979-9f85-a5c40b8dafe0}</UniqueIdentifier>
    </Filter>
    <Filter Include="Sources\Engine\System\Graphics">
      <UniqueIdentifier>{41afa458-92b2-4d1c-af5f-b684f0b7d6cc}</UniqueIdentifier>
    </Filter>
    <Filter Include="Sources\Engine\Framework\Component">
      <UniqueIdentifier>{f09bfbe5-a506-46c6-954f-74b472eaa868}</UniqueIdentifier>
    </Filter>
    <Filter Include="Sources\Engine\Framework\Processor">
      <UniqueIdentifier>{3b2576a6-f35b-4295-9189-a7d8474a1f91}</UniqueIdentifier>
    </Filter>
    <Filter Include="External">
      <UniqueIdentifier>{d992fbca-5d28-49dc-9338-ff32f50ee42a}</UniqueIdentifier>
    </Filter>
    <Filter Include="Utility">
      <UniqueIdentifier>{a86b2725-45c8-4534-8419-2a78493f52a3}</UniqueIdentifier>
    </Filter>
    <Filter Include="Sources\Game\Behavior">
      <UniqueIdentifier>{9b63bf25-6746-489e-babd-6ad31aaaabed}</UniqueIdentifier>
    </Filter>
    <Filter Include="Sources\Engine\Framework\Processor\Pass">
      <UniqueIdentifier>{8c156ce7-68ff-44c0-9a18-c53107a44ed5}</UniqueIdentifier>
    </Filter>
    <Filter Include="Sources\Engine\Framework\Processor\Pass\PhysicsPass">
      <UniqueIdentifier>{0fc833eb-3f42-4125-a453-4ef9d1e5fd78}</UniqueIdentifier>
    </Filter>
    <Filter Include="Sources\Engine\Framework\Processor\Pass\RenderPass">
      <UniqueIdentifier>{2bb638b9-bea5-45ad-88a1-172ab79e3d1d}</UniqueIdentifier>
    </Filter>
    <Filter Include="Shader">
      <UniqueIdentifier>{e9660b3e-b404-4c70-9d25-8452ace99d42}</UniqueIdentifier>
    </Filter>
    <Filter Include="Sources\Engine\Framework\Processor\Pass\RenderPass\Context">
      <UniqueIdentifier>{27fbcdb5-aeda-4b7e-b721-cba25d0149e6}</UniqueIdentifier>
    </Filter>
    <Filter Include="External\imgui">
      <UniqueIdentifier>{c5e60a0b-c8e6-4014-94b3-2025821f7137}</UniqueIdentifier>
    </Filter>
    <Filter Include="Utility\ImguiWindow">
      <UniqueIdentifier>{f6eed08c-fb73-4a55-89a8-f4c273ea1ea2}</UniqueIdentifier>
    </Filter>
    <Filter Include="Sources\Game\Behavior\PlayerBehavior">
      <UniqueIdentifier>{4d0768cd-3d37-4572-b155-d56409e44dd8}</UniqueIdentifier>
    </Filter>
    <Filter Include="Sources\Game\Behavior\BaseBehavior">
      <UniqueIdentifier>{21317434-64d7-48b9-8676-91420017e91f}</UniqueIdentifier>
    </Filter>
    <Filter Include="Sources\Engine\System\Graphics\GraphicsResource">
      <UniqueIdentifier>{b2d9e375-8123-4c2d-b1e6-f7a883b59809}</UniqueIdentifier>
    </Filter>
    <Filter Include="Shader\common">
      <UniqueIdentifier>{cc3a5256-4193-4967-a000-678caecd58d2}</UniqueIdentifier>
    </Filter>
  </ItemGroup>
  <ItemGroup>
    <None Include="imgui.ini">
      <Filter>External\imgui</Filter>
    </None>
  </ItemGroup>
</Project>